// !$*UTF8*$!
{
	archiveVersion = 1;
	classes = {
	};
	objectVersion = 46;
	objects = {

/* Begin PBXBuildFile section */
		80A05121177CB280004E11C0 /* Foundation.framework in Frameworks */ = {isa = PBXBuildFile; fileRef = 80A05120177CB280004E11C0 /* Foundation.framework */; };
		80A05123177CB280004E11C0 /* CoreGraphics.framework in Frameworks */ = {isa = PBXBuildFile; fileRef = 80A05122177CB280004E11C0 /* CoreGraphics.framework */; };
		80A05125177CB280004E11C0 /* UIKit.framework in Frameworks */ = {isa = PBXBuildFile; fileRef = 80A05124177CB280004E11C0 /* UIKit.framework */; };
		80A0512B177CB280004E11C0 /* InfoPlist.strings in Resources */ = {isa = PBXBuildFile; fileRef = 80A05129177CB280004E11C0 /* InfoPlist.strings */; };
		80A0512D177CB280004E11C0 /* main.m in Sources */ = {isa = PBXBuildFile; fileRef = 80A0512C177CB280004E11C0 /* main.m */; };
		80A05131177CB280004E11C0 /* AppDelegate.m in Sources */ = {isa = PBXBuildFile; fileRef = 80A05130177CB280004E11C0 /* AppDelegate.m */; };
		80A05133177CB280004E11C0 /* Images.xcassets in Resources */ = {isa = PBXBuildFile; fileRef = 80A05132177CB280004E11C0 /* Images.xcassets */; };
		80A0513A177CB280004E11C0 /* XCTest.framework in Frameworks */ = {isa = PBXBuildFile; fileRef = 80A05139177CB280004E11C0 /* XCTest.framework */; };
		80A0513B177CB280004E11C0 /* Foundation.framework in Frameworks */ = {isa = PBXBuildFile; fileRef = 80A05120177CB280004E11C0 /* Foundation.framework */; };
		80A0513C177CB280004E11C0 /* UIKit.framework in Frameworks */ = {isa = PBXBuildFile; fileRef = 80A05124177CB280004E11C0 /* UIKit.framework */; };
		80A05144177CB280004E11C0 /* InfoPlist.strings in Resources */ = {isa = PBXBuildFile; fileRef = 80A05142177CB280004E11C0 /* InfoPlist.strings */; };
		80A05146177CB281004E11C0 /* YFJLeftSwipeDeleteTableViewTests.m in Sources */ = {isa = PBXBuildFile; fileRef = 80A05145177CB281004E11C0 /* YFJLeftSwipeDeleteTableViewTests.m */; };
		80A05151177CB29A004E11C0 /* YFJLeftSwipeDeleteTableView.m in Sources */ = {isa = PBXBuildFile; fileRef = 80A05150177CB29A004E11C0 /* YFJLeftSwipeDeleteTableView.m */; };
		80A05152177CB29A004E11C0 /* YFJLeftSwipeDeleteTableView.m in Sources */ = {isa = PBXBuildFile; fileRef = 80A05150177CB29A004E11C0 /* YFJLeftSwipeDeleteTableView.m */; };
		80A05155177CB2DF004E11C0 /* ViewController.m in Sources */ = {isa = PBXBuildFile; fileRef = 80A05154177CB2DF004E11C0 /* ViewController.m */; };
		80A05156177CB2DF004E11C0 /* ViewController.m in Sources */ = {isa = PBXBuildFile; fileRef = 80A05154177CB2DF004E11C0 /* ViewController.m */; };
/* End PBXBuildFile section */

/* Begin PBXContainerItemProxy section */
		80A0513D177CB280004E11C0 /* PBXContainerItemProxy */ = {
			isa = PBXContainerItemProxy;
			containerPortal = 80A05115177CB280004E11C0 /* Project object */;
			proxyType = 1;
			remoteGlobalIDString = 80A0511C177CB280004E11C0;
			remoteInfo = YFJLeftSwipeDeleteTableView;
		};
/* End PBXContainerItemProxy section */

/* Begin PBXFileReference section */
		80A0511D177CB280004E11C0 /* YFJLeftSwipeDeleteTableView.app */ = {isa = PBXFileReference; explicitFileType = wrapper.application; includeInIndex = 0; path = YFJLeftSwipeDeleteTableView.app; sourceTree = BUILT_PRODUCTS_DIR; };
		80A05120177CB280004E11C0 /* Foundation.framework */ = {isa = PBXFileReference; lastKnownFileType = wrapper.framework; name = Foundation.framework; path = System/Library/Frameworks/Foundation.framework; sourceTree = SDKROOT; };
		80A05122177CB280004E11C0 /* CoreGraphics.framework */ = {isa = PBXFileReference; lastKnownFileType = wrapper.framework; name = CoreGraphics.framework; path = System/Library/Frameworks/CoreGraphics.framework; sourceTree = SDKROOT; };
		80A05124177CB280004E11C0 /* UIKit.framework */ = {isa = PBXFileReference; lastKnownFileType = wrapper.framework; name = UIKit.framework; path = System/Library/Frameworks/UIKit.framework; sourceTree = SDKROOT; };
		80A05128177CB280004E11C0 /* YFJLeftSwipeDeleteTableView-Info.plist */ = {isa = PBXFileReference; lastKnownFileType = text.plist.xml; path = "YFJLeftSwipeDeleteTableView-Info.plist"; sourceTree = "<group>"; };
		80A0512A177CB280004E11C0 /* en */ = {isa = PBXFileReference; lastKnownFileType = text.plist.strings; name = en; path = en.lproj/InfoPlist.strings; sourceTree = "<group>"; };
		80A0512C177CB280004E11C0 /* main.m */ = {isa = PBXFileReference; lastKnownFileType = sourcecode.c.objc; path = main.m; sourceTree = "<group>"; };
		80A0512E177CB280004E11C0 /* YFJLeftSwipeDeleteTableView-Prefix.pch */ = {isa = PBXFileReference; lastKnownFileType = sourcecode.c.h; path = "YFJLeftSwipeDeleteTableView-Prefix.pch"; sourceTree = "<group>"; };
		80A0512F177CB280004E11C0 /* AppDelegate.h */ = {isa = PBXFileReference; lastKnownFileType = sourcecode.c.h; path = AppDelegate.h; sourceTree = "<group>"; };
		80A05130177CB280004E11C0 /* AppDelegate.m */ = {isa = PBXFileReference; lastKnownFileType = sourcecode.c.objc; path = AppDelegate.m; sourceTree = "<group>"; };
		80A05132177CB280004E11C0 /* Images.xcassets */ = {isa = PBXFileReference; lastKnownFileType = folder.assetcatalog; path = Images.xcassets; sourceTree = "<group>"; };
		80A05138177CB280004E11C0 /* YFJLeftSwipeDeleteTableViewTests.xctest */ = {isa = PBXFileReference; explicitFileType = wrapper.cfbundle; includeInIndex = 0; path = YFJLeftSwipeDeleteTableViewTests.xctest; sourceTree = BUILT_PRODUCTS_DIR; };
		80A05139177CB280004E11C0 /* XCTest.framework */ = {isa = PBXFileReference; lastKnownFileType = wrapper.framework; name = XCTest.framework; path = Library/Frameworks/XCTest.framework; sourceTree = DEVELOPER_DIR; };
		80A05141177CB280004E11C0 /* YFJLeftSwipeDeleteTableViewTests-Info.plist */ = {isa = PBXFileReference; lastKnownFileType = text.plist.xml; path = "YFJLeftSwipeDeleteTableViewTests-Info.plist"; sourceTree = "<group>"; };
		80A05143177CB280004E11C0 /* en */ = {isa = PBXFileReference; lastKnownFileType = text.plist.strings; name = en; path = en.lproj/InfoPlist.strings; sourceTree = "<group>"; };
		80A05145177CB281004E11C0 /* YFJLeftSwipeDeleteTableViewTests.m */ = {isa = PBXFileReference; lastKnownFileType = sourcecode.c.objc; path = YFJLeftSwipeDeleteTableViewTests.m; sourceTree = "<group>"; };
		80A0514F177CB29A004E11C0 /* YFJLeftSwipeDeleteTableView.h */ = {isa = PBXFileReference; fileEncoding = 4; lastKnownFileType = sourcecode.c.h; path = YFJLeftSwipeDeleteTableView.h; sourceTree = "<group>"; };
		80A05150177CB29A004E11C0 /* YFJLeftSwipeDeleteTableView.m */ = {isa = PBXFileReference; fileEncoding = 4; lastKnownFileType = sourcecode.c.objc; path = YFJLeftSwipeDeleteTableView.m; sourceTree = "<group>"; };
		80A05153177CB2DF004E11C0 /* ViewController.h */ = {isa = PBXFileReference; fileEncoding = 4; lastKnownFileType = sourcecode.c.h; path = ViewController.h; sourceTree = "<group>"; };
		80A05154177CB2DF004E11C0 /* ViewController.m */ = {isa = PBXFileReference; fileEncoding = 4; lastKnownFileType = sourcecode.c.objc; path = ViewController.m; sourceTree = "<group>"; };
/* End PBXFileReference section */

/* Begin PBXFrameworksBuildPhase section */
		80A0511A177CB280004E11C0 /* Frameworks */ = {
			isa = PBXFrameworksBuildPhase;
			buildActionMask = 2147483647;
			files = (
				80A05123177CB280004E11C0 /* CoreGraphics.framework in Frameworks */,
				80A05125177CB280004E11C0 /* UIKit.framework in Frameworks */,
				80A05121177CB280004E11C0 /* Foundation.framework in Frameworks */,
			);
			runOnlyForDeploymentPostprocessing = 0;
		};
		80A05135177CB280004E11C0 /* Frameworks */ = {
			isa = PBXFrameworksBuildPhase;
			buildActionMask = 2147483647;
			files = (
				80A0513A177CB280004E11C0 /* XCTest.framework in Frameworks */,
				80A0513C177CB280004E11C0 /* UIKit.framework in Frameworks */,
				80A0513B177CB280004E11C0 /* Foundation.framework in Frameworks */,
			);
			runOnlyForDeploymentPostprocessing = 0;
		};
/* End PBXFrameworksBuildPhase section */

/* Begin PBXGroup section */
		80A05114177CB280004E11C0 = {
			isa = PBXGroup;
			children = (
				80A05126177CB280004E11C0 /* YFJLeftSwipeDeleteTableView */,
				80A0513F177CB280004E11C0 /* YFJLeftSwipeDeleteTableViewTests */,
				80A0511F177CB280004E11C0 /* Frameworks */,
				80A0511E177CB280004E11C0 /* Products */,
			);
			sourceTree = "<group>";
		};
		80A0511E177CB280004E11C0 /* Products */ = {
			isa = PBXGroup;
			children = (
				80A0511D177CB280004E11C0 /* YFJLeftSwipeDeleteTableView.app */,
				80A05138177CB280004E11C0 /* YFJLeftSwipeDeleteTableViewTests.xctest */,
			);
			name = Products;
			sourceTree = "<group>";
		};
		80A0511F177CB280004E11C0 /* Frameworks */ = {
			isa = PBXGroup;
			children = (
				80A05120177CB280004E11C0 /* Foundation.framework */,
				80A05122177CB280004E11C0 /* CoreGraphics.framework */,
				80A05124177CB280004E11C0 /* UIKit.framework */,
				80A05139177CB280004E11C0 /* XCTest.framework */,
			);
			name = Frameworks;
			sourceTree = "<group>";
		};
		80A05126177CB280004E11C0 /* YFJLeftSwipeDeleteTableView */ = {
			isa = PBXGroup;
			children = (
				80A05157177CB2ED004E11C0 /* Example */,
				80A05132177CB280004E11C0 /* Images.xcassets */,
				80A05127177CB280004E11C0 /* Supporting Files */,
				80A0514F177CB29A004E11C0 /* YFJLeftSwipeDeleteTableView.h */,
				80A05150177CB29A004E11C0 /* YFJLeftSwipeDeleteTableView.m */,
			);
			path = YFJLeftSwipeDeleteTableView;
			sourceTree = "<group>";
		};
		80A05127177CB280004E11C0 /* Supporting Files */ = {
			isa = PBXGroup;
			children = (
				80A05128177CB280004E11C0 /* YFJLeftSwipeDeleteTableView-Info.plist */,
				80A05129177CB280004E11C0 /* InfoPlist.strings */,
				80A0512C177CB280004E11C0 /* main.m */,
				80A0512E177CB280004E11C0 /* YFJLeftSwipeDeleteTableView-Prefix.pch */,
			);
			name = "Supporting Files";
			sourceTree = "<group>";
		};
		80A0513F177CB280004E11C0 /* YFJLeftSwipeDeleteTableViewTests */ = {
			isa = PBXGroup;
			children = (
				80A05145177CB281004E11C0 /* YFJLeftSwipeDeleteTableViewTests.m */,
				80A05140177CB280004E11C0 /* Supporting Files */,
			);
			path = YFJLeftSwipeDeleteTableViewTests;
			sourceTree = "<group>";
		};
		80A05140177CB280004E11C0 /* Supporting Files */ = {
			isa = PBXGroup;
			children = (
				80A05141177CB280004E11C0 /* YFJLeftSwipeDeleteTableViewTests-Info.plist */,
				80A05142177CB280004E11C0 /* InfoPlist.strings */,
			);
			name = "Supporting Files";
			sourceTree = "<group>";
		};
		80A05157177CB2ED004E11C0 /* Example */ = {
			isa = PBXGroup;
			children = (
				80A0512F177CB280004E11C0 /* AppDelegate.h */,
				80A05130177CB280004E11C0 /* AppDelegate.m */,
				80A05153177CB2DF004E11C0 /* ViewController.h */,
				80A05154177CB2DF004E11C0 /* ViewController.m */,
			);
			name = Example;
			sourceTree = "<group>";
		};
/* End PBXGroup section */

/* Begin PBXNativeTarget section */
		80A0511C177CB280004E11C0 /* YFJLeftSwipeDeleteTableView */ = {
			isa = PBXNativeTarget;
			buildConfigurationList = 80A05149177CB281004E11C0 /* Build configuration list for PBXNativeTarget "YFJLeftSwipeDeleteTableView" */;
			buildPhases = (
				80A05119177CB280004E11C0 /* Sources */,
				80A0511A177CB280004E11C0 /* Frameworks */,
				80A0511B177CB280004E11C0 /* Resources */,
			);
			buildRules = (
			);
			dependencies = (
			);
			name = YFJLeftSwipeDeleteTableView;
			productName = YFJLeftSwipeDeleteTableView;
			productReference = 80A0511D177CB280004E11C0 /* YFJLeftSwipeDeleteTableView.app */;
			productType = "com.apple.product-type.application";
		};
		80A05137177CB280004E11C0 /* YFJLeftSwipeDeleteTableViewTests */ = {
			isa = PBXNativeTarget;
			buildConfigurationList = 80A0514C177CB281004E11C0 /* Build configuration list for PBXNativeTarget "YFJLeftSwipeDeleteTableViewTests" */;
			buildPhases = (
				80A05134177CB280004E11C0 /* Sources */,
				80A05135177CB280004E11C0 /* Frameworks */,
				80A05136177CB280004E11C0 /* Resources */,
			);
			buildRules = (
			);
			dependencies = (
				80A0513E177CB280004E11C0 /* PBXTargetDependency */,
			);
			name = YFJLeftSwipeDeleteTableViewTests;
			productName = YFJLeftSwipeDeleteTableViewTests;
			productReference = 80A05138177CB280004E11C0 /* YFJLeftSwipeDeleteTableViewTests.xctest */;
			productType = "com.apple.product-type.bundle.unit-test";
		};
/* End PBXNativeTarget section */

/* Begin PBXProject section */
		80A05115177CB280004E11C0 /* Project object */ = {
			isa = PBXProject;
			attributes = {
				LastUpgradeCheck = 0500;
				ORGANIZATIONNAME = "Yuichi Fujiki";
				TargetAttributes = {
					80A05137177CB280004E11C0 = {
						TestTargetID = 80A0511C177CB280004E11C0;
					};
				};
			};
			buildConfigurationList = 80A05118177CB280004E11C0 /* Build configuration list for PBXProject "YFJLeftSwipeDeleteTableView" */;
			compatibilityVersion = "Xcode 3.2";
			developmentRegion = English;
			hasScannedForEncodings = 0;
			knownRegions = (
				en,
			);
			mainGroup = 80A05114177CB280004E11C0;
			productRefGroup = 80A0511E177CB280004E11C0 /* Products */;
			projectDirPath = "";
			projectRoot = "";
			targets = (
				80A0511C177CB280004E11C0 /* YFJLeftSwipeDeleteTableView */,
				80A05137177CB280004E11C0 /* YFJLeftSwipeDeleteTableViewTests */,
			);
		};
/* End PBXProject section */

/* Begin PBXResourcesBuildPhase section */
		80A0511B177CB280004E11C0 /* Resources */ = {
			isa = PBXResourcesBuildPhase;
			buildActionMask = 2147483647;
			files = (
				80A0512B177CB280004E11C0 /* InfoPlist.strings in Resources */,
				80A05133177CB280004E11C0 /* Images.xcassets in Resources */,
			);
			runOnlyForDeploymentPostprocessing = 0;
		};
		80A05136177CB280004E11C0 /* Resources */ = {
			isa = PBXResourcesBuildPhase;
			buildActionMask = 2147483647;
			files = (
				80A05144177CB280004E11C0 /* InfoPlist.strings in Resources */,
			);
			runOnlyForDeploymentPostprocessing = 0;
		};
/* End PBXResourcesBuildPhase section */

/* Begin PBXSourcesBuildPhase section */
		80A05119177CB280004E11C0 /* Sources */ = {
			isa = PBXSourcesBuildPhase;
			buildActionMask = 2147483647;
			files = (
				80A05131177CB280004E11C0 /* AppDelegate.m in Sources */,
				80A0512D177CB280004E11C0 /* main.m in Sources */,
				80A05155177CB2DF004E11C0 /* ViewController.m in Sources */,
				80A05151177CB29A004E11C0 /* YFJLeftSwipeDeleteTableView.m in Sources */,
			);
			runOnlyForDeploymentPostprocessing = 0;
		};
		80A05134177CB280004E11C0 /* Sources */ = {
			isa = PBXSourcesBuildPhase;
			buildActionMask = 2147483647;
			files = (
				80A05156177CB2DF004E11C0 /* ViewController.m in Sources */,
				80A05152177CB29A004E11C0 /* YFJLeftSwipeDeleteTableView.m in Sources */,
				80A05146177CB281004E11C0 /* YFJLeftSwipeDeleteTableViewTests.m in Sources */,
			);
			runOnlyForDeploymentPostprocessing = 0;
		};
/* End PBXSourcesBuildPhase section */

/* Begin PBXTargetDependency section */
		80A0513E177CB280004E11C0 /* PBXTargetDependency */ = {
			isa = PBXTargetDependency;
			target = 80A0511C177CB280004E11C0 /* YFJLeftSwipeDeleteTableView */;
			targetProxy = 80A0513D177CB280004E11C0 /* PBXContainerItemProxy */;
		};
/* End PBXTargetDependency section */

/* Begin PBXVariantGroup section */
		80A05129177CB280004E11C0 /* InfoPlist.strings */ = {
			isa = PBXVariantGroup;
			children = (
				80A0512A177CB280004E11C0 /* en */,
			);
			name = InfoPlist.strings;
			sourceTree = "<group>";
		};
		80A05142177CB280004E11C0 /* InfoPlist.strings */ = {
			isa = PBXVariantGroup;
			children = (
				80A05143177CB280004E11C0 /* en */,
			);
			name = InfoPlist.strings;
			sourceTree = "<group>";
		};
/* End PBXVariantGroup section */

/* Begin XCBuildConfiguration section */
		80A05147177CB281004E11C0 /* Debug */ = {
			isa = XCBuildConfiguration;
			buildSettings = {
				ALWAYS_SEARCH_USER_PATHS = NO;
				CLANG_CXX_LANGUAGE_STANDARD = "gnu++0x";
				CLANG_CXX_LIBRARY = "libc++";
				CLANG_ENABLE_MODULES = YES;
				CLANG_ENABLE_OBJC_ARC = YES;
				CLANG_WARN_BOOL_CONVERSION = YES;
				CLANG_WARN_CONSTANT_CONVERSION = YES;
				CLANG_WARN_DIRECT_OBJC_ISA_USAGE = YES_ERROR;
				CLANG_WARN_EMPTY_BODY = YES;
				CLANG_WARN_ENUM_CONVERSION = YES;
				CLANG_WARN_INT_CONVERSION = YES;
				CLANG_WARN_OBJC_ROOT_CLASS = YES_ERROR;
				CLANG_WARN__DUPLICATE_METHOD_MATCH = YES;
				"CODE_SIGN_IDENTITY[sdk=iphoneos*]" = "iPhone Developer";
				COPY_PHASE_STRIP = NO;
				GCC_C_LANGUAGE_STANDARD = gnu99;
				GCC_DYNAMIC_NO_PIC = NO;
				GCC_OPTIMIZATION_LEVEL = 0;
				GCC_PREPROCESSOR_DEFINITIONS = (
					"DEBUG=1",
					"$(inherited)",
				);
				GCC_SYMBOLS_PRIVATE_EXTERN = NO;
				GCC_WARN_ABOUT_RETURN_TYPE = YES_ERROR;
				GCC_WARN_UNDECLARED_SELECTOR = YES;
				GCC_WARN_UNINITIALIZED_AUTOS = YES;
				GCC_WARN_UNUSED_FUNCTION = YES;
				GCC_WARN_UNUSED_VARIABLE = YES;
				IPHONEOS_DEPLOYMENT_TARGET = 7.0;
				ONLY_ACTIVE_ARCH = YES;
				SDKROOT = iphoneos;
			};
			name = Debug;
		};
		80A05148177CB281004E11C0 /* Release */ = {
			isa = XCBuildConfiguration;
			buildSettings = {
				ALWAYS_SEARCH_USER_PATHS = NO;
				CLANG_CXX_LANGUAGE_STANDARD = "gnu++0x";
				CLANG_CXX_LIBRARY = "libc++";
				CLANG_ENABLE_MODULES = YES;
				CLANG_ENABLE_OBJC_ARC = YES;
				CLANG_WARN_BOOL_CONVERSION = YES;
				CLANG_WARN_CONSTANT_CONVERSION = YES;
				CLANG_WARN_DIRECT_OBJC_ISA_USAGE = YES_ERROR;
				CLANG_WARN_EMPTY_BODY = YES;
				CLANG_WARN_ENUM_CONVERSION = YES;
				CLANG_WARN_INT_CONVERSION = YES;
				CLANG_WARN_OBJC_ROOT_CLASS = YES_ERROR;
				CLANG_WARN__DUPLICATE_METHOD_MATCH = YES;
				"CODE_SIGN_IDENTITY[sdk=iphoneos*]" = "iPhone Developer";
				COPY_PHASE_STRIP = YES;
				ENABLE_NS_ASSERTIONS = NO;
				GCC_C_LANGUAGE_STANDARD = gnu99;
				GCC_WARN_ABOUT_RETURN_TYPE = YES_ERROR;
				GCC_WARN_UNDECLARED_SELECTOR = YES;
				GCC_WARN_UNINITIALIZED_AUTOS = YES;
				GCC_WARN_UNUSED_FUNCTION = YES;
				GCC_WARN_UNUSED_VARIABLE = YES;
				IPHONEOS_DEPLOYMENT_TARGET = 7.0;
				SDKROOT = iphoneos;
				VALIDATE_PRODUCT = YES;
			};
			name = Release;
		};
		80A0514A177CB281004E11C0 /* Debug */ = {
			isa = XCBuildConfiguration;
			buildSettings = {
				ASSETCATALOG_COMPILER_APPICON_NAME = AppIcon;
				ASSETCATALOG_COMPILER_LAUNCHIMAGE_NAME = LaunchImage;
				GCC_PRECOMPILE_PREFIX_HEADER = YES;
				GCC_PREFIX_HEADER = "YFJLeftSwipeDeleteTableView/YFJLeftSwipeDeleteTableView-Prefix.pch";
				INFOPLIST_FILE = "YFJLeftSwipeDeleteTableView/YFJLeftSwipeDeleteTableView-Info.plist";
				IPHONEOS_DEPLOYMENT_TARGET = 6.0;
				PRODUCT_NAME = "$(TARGET_NAME)";
				WRAPPER_EXTENSION = app;
			};
			name = Debug;
		};
		80A0514B177CB281004E11C0 /* Release */ = {
			isa = XCBuildConfiguration;
			buildSettings = {
				ASSETCATALOG_COMPILER_APPICON_NAME = AppIcon;
				ASSETCATALOG_COMPILER_LAUNCHIMAGE_NAME = LaunchImage;
				GCC_PRECOMPILE_PREFIX_HEADER = YES;
				GCC_PREFIX_HEADER = "YFJLeftSwipeDeleteTableView/YFJLeftSwipeDeleteTableView-Prefix.pch";
				INFOPLIST_FILE = "YFJLeftSwipeDeleteTableView/YFJLeftSwipeDeleteTableView-Info.plist";
				IPHONEOS_DEPLOYMENT_TARGET = 6.0;
				PRODUCT_NAME = "$(TARGET_NAME)";
				WRAPPER_EXTENSION = app;
			};
			name = Release;
		};
		80A0514D177CB281004E11C0 /* Debug */ = {
			isa = XCBuildConfiguration;
			buildSettings = {
				BUNDLE_LOADER = "$(BUILT_PRODUCTS_DIR)/YFJLeftSwipeDeleteTableView.app/YFJLeftSwipeDeleteTableView";
				FRAMEWORK_SEARCH_PATHS = (
					"$(SDKROOT)/Developer/Library/Frameworks",
					"$(inherited)",
					"$(SYSTEM_APPS_DIR)/Xcode5-DP.app/Contents/Developer/Library/Frameworks",
				);
				GCC_PRECOMPILE_PREFIX_HEADER = YES;
				GCC_PREFIX_HEADER = "YFJLeftSwipeDeleteTableView/YFJLeftSwipeDeleteTableView-Prefix.pch";
				GCC_PREPROCESSOR_DEFINITIONS = (
					"DEBUG=1",
					"$(inherited)",
				);
				INFOPLIST_FILE = "YFJLeftSwipeDeleteTableViewTests/YFJLeftSwipeDeleteTableViewTests-Info.plist";
				PRODUCT_NAME = "$(TARGET_NAME)";
				TEST_HOST = "$(BUNDLE_LOADER)";
				WRAPPER_EXTENSION = xctest;
			};
			name = Debug;
		};
		80A0514E177CB281004E11C0 /* Release */ = {
			isa = XCBuildConfiguration;
			buildSettings = {
				BUNDLE_LOADER = "$(BUILT_PRODUCTS_DIR)/YFJLeftSwipeDeleteTableView.app/YFJLeftSwipeDeleteTableView";
				FRAMEWORK_SEARCH_PATHS = (
					"$(SDKROOT)/Developer/Library/Frameworks",
					"$(inherited)",
					"$(SYSTEM_APPS_DIR)/Xcode5-DP.app/Contents/Developer/Library/Frameworks",
				);
				GCC_PRECOMPILE_PREFIX_HEADER = YES;
				GCC_PREFIX_HEADER = "YFJLeftSwipeDeleteTableView/YFJLeftSwipeDeleteTableView-Prefix.pch";
				INFOPLIST_FILE = "YFJLeftSwipeDeleteTableViewTests/YFJLeftSwipeDeleteTableViewTests-Info.plist";
				PRODUCT_NAME = "$(TARGET_NAME)";
				TEST_HOST = "$(BUNDLE_LOADER)";
				WRAPPER_EXTENSION = xctest;
			};
			name = Release;
		};
/* End XCBuildConfiguration section */

/* Begin XCConfigurationList section */
		80A05118177CB280004E11C0 /* Build configuration list for PBXProject "YFJLeftSwipeDeleteTableView" */ = {
			isa = XCConfigurationList;
			buildConfigurations = (
				80A05147177CB281004E11C0 /* Debug */,
				80A05148177CB281004E11C0 /* Release */,
			);
			defaultConfigurationIsVisible = 0;
			defaultConfigurationName = Release;
		};
		80A05149177CB281004E11C0 /* Build configuration list for PBXNativeTarget "YFJLeftSwipeDeleteTableView" */ = {
			isa = XCConfigurationList;
			buildConfigurations = (
				80A0514A177CB281004E11C0 /* Debug */,
				80A0514B177CB281004E11C0 /* Release */,
			);
			defaultConfigurationIsVisible = 0;
		};
		80A0514C177CB281004E11C0 /* Build configuration list for PBXNativeTarget "YFJLeftSwipeDeleteTableViewTests" */ = {
			isa = XCConfigurationList;
			buildConfigurations = (
				80A0514D177CB281004E11C0 /* Debug */,
				80A0514E177CB281004E11C0 /* Release */,
			);
			defaultConfigurationIsVisible = 0;
		};
/* End XCConfigurationList section */
	};
	rootObject = 80A05115177CB280004E11C0 /* Project object */;
}
